
Microsoft Visual Studio Solution File, Format Version 12.00
# Visual Studio Version 16
VisualStudioVersion = 16.0.31911.196
MinimumVisualStudioVersion = 10.0.40219.1
Project("{FAE04EC0-301F-11D3-BF4B-00C04F79EFBC}") = "SectionTasks", "Section2Task\SectionTasks.csproj", "{3AC56E9D-F566-4489-86CE-E3D66F94C414}"
EndProject
Global
	GlobalSection(SolutionConfigurationPlatforms) = preSolution
		Debug|Any CPU = Debug|Any CPU
		Release|Any CPU = Release|Any CPU
	EndGlobalSection
	GlobalSection(ProjectConfigurationPlatforms) = postSolution
		{3AC56E9D-F566-4489-86CE-E3D66F94C414}.Debug|Any CPU.ActiveCfg = Debug|Any CPU
		{3AC56E9D-F566-4489-86CE-E3D66F94C414}.Debug|Any CPU.Build.0 = Debug|Any CPU
		{3AC56E9D-F566-4489-86CE-E3D66F94C414}.Release|Any CPU.ActiveCfg = Release|Any CPU
		{3AC56E9D-F566-4489-86CE-E3D66F94C414}.Release|Any CPU.Build.0 = Release|Any CPU
	EndGlobalSection
	GlobalSection(SolutionProperties) = preSolution
		HideSolutionNode = FALSE
	EndGlobalSection
	GlobalSection(ExtensibilityGlobals) = postSolution
		SolutionGuid = {D0D5CFEF-9529-4CF6-8C7E-5EE9664AB184}
	EndGlobalSection
EndGlobal
